// !$*UTF8*$!
{
	archiveVersion = 1;
	classes = {
	};
	objectVersion = 50;
	objects = {

/* Begin PBXBuildFile section */
		3B8378A42552888300465603 /* SampleInstantiate.framework in Frameworks */ = {isa = PBXBuildFile; fileRef = 3B83789A2552888300465603 /* SampleInstantiate.framework */; };
		3B8378A92552888300465603 /* SampleInstantiateTests.swift in Sources */ = {isa = PBXBuildFile; fileRef = 3B8378A82552888300465603 /* SampleInstantiateTests.swift */; };
		3B8378AB2552888300465603 /* SampleInstantiate.h in Headers */ = {isa = PBXBuildFile; fileRef = 3B83789D2552888300465603 /* SampleInstantiate.h */; settings = {ATTRIBUTES = (Public, ); }; };
		3B8378BD255288C800465603 /* AppDelegate.swift in Sources */ = {isa = PBXBuildFile; fileRef = 3B8378BC255288C800465603 /* AppDelegate.swift */; };
		3B8378BF255288C800465603 /* SceneDelegate.swift in Sources */ = {isa = PBXBuildFile; fileRef = 3B8378BE255288C800465603 /* SceneDelegate.swift */; };
		3B8378C1255288C800465603 /* ViewController.swift in Sources */ = {isa = PBXBuildFile; fileRef = 3B8378C0255288C800465603 /* ViewController.swift */; };
		3B8378C4255288C800465603 /* Main.storyboard in Resources */ = {isa = PBXBuildFile; fileRef = 3B8378C2255288C800465603 /* Main.storyboard */; };
		3B8378C6255288CB00465603 /* Assets.xcassets in Resources */ = {isa = PBXBuildFile; fileRef = 3B8378C5255288CB00465603 /* Assets.xcassets */; };
		3B8378C9255288CB00465603 /* LaunchScreen.storyboard in Resources */ = {isa = PBXBuildFile; fileRef = 3B8378C7255288CB00465603 /* LaunchScreen.storyboard */; };
		3B8378D4255288CB00465603 /* DemoTests.swift in Sources */ = {isa = PBXBuildFile; fileRef = 3B8378D3255288CB00465603 /* DemoTests.swift */; };
		3B8378DF255288CB00465603 /* DemoUITests.swift in Sources */ = {isa = PBXBuildFile; fileRef = 3B8378DE255288CB00465603 /* DemoUITests.swift */; };
		3B8378F0255289DC00465603 /* SampleInstantiate.framework in Frameworks */ = {isa = PBXBuildFile; fileRef = 3B83789A2552888300465603 /* SampleInstantiate.framework */; };
		3B83790525528BD100465603 /* NextViewController.swift in Sources */ = {isa = PBXBuildFile; fileRef = 3B83790425528BD100465603 /* NextViewController.swift */; };
		3B83791225528D2E00465603 /* TableViewCell.swift in Sources */ = {isa = PBXBuildFile; fileRef = 3B83791025528D2E00465603 /* TableViewCell.swift */; };
		3B83791325528D2E00465603 /* TableViewCell.xib in Resources */ = {isa = PBXBuildFile; fileRef = 3B83791125528D2E00465603 /* TableViewCell.xib */; };
		3B83791A2552922400465603 /* UITableView+Extension.swift in Sources */ = {isa = PBXBuildFile; fileRef = 3B8379192552922400465603 /* UITableView+Extension.swift */; };
/* End PBXBuildFile section */

/* Begin PBXContainerItemProxy section */
		3B8378A52552888300465603 /* PBXContainerItemProxy */ = {
			isa = PBXContainerItemProxy;
			containerPortal = 3B8378912552888300465603 /* Project object */;
			proxyType = 1;
			remoteGlobalIDString = 3B8378992552888300465603;
			remoteInfo = SampleInstantiate;
		};
		3B8378D0255288CB00465603 /* PBXContainerItemProxy */ = {
			isa = PBXContainerItemProxy;
			containerPortal = 3B8378912552888300465603 /* Project object */;
			proxyType = 1;
			remoteGlobalIDString = 3B8378B9255288C800465603;
			remoteInfo = Demo;
		};
		3B8378DB255288CB00465603 /* PBXContainerItemProxy */ = {
			isa = PBXContainerItemProxy;
			containerPortal = 3B8378912552888300465603 /* Project object */;
			proxyType = 1;
			remoteGlobalIDString = 3B8378B9255288C800465603;
			remoteInfo = Demo;
		};
/* End PBXContainerItemProxy section */

/* Begin PBXFileReference section */
		3B83789A2552888300465603 /* SampleInstantiate.framework */ = {isa = PBXFileReference; explicitFileType = wrapper.framework; includeInIndex = 0; path = SampleInstantiate.framework; sourceTree = BUILT_PRODUCTS_DIR; };
		3B83789D2552888300465603 /* SampleInstantiate.h */ = {isa = PBXFileReference; lastKnownFileType = sourcecode.c.h; path = SampleInstantiate.h; sourceTree = "<group>"; };
		3B83789E2552888300465603 /* Info.plist */ = {isa = PBXFileReference; lastKnownFileType = text.plist.xml; path = Info.plist; sourceTree = "<group>"; };
		3B8378A32552888300465603 /* SampleInstantiateTests.xctest */ = {isa = PBXFileReference; explicitFileType = wrapper.cfbundle; includeInIndex = 0; path = SampleInstantiateTests.xctest; sourceTree = BUILT_PRODUCTS_DIR; };
		3B8378A82552888300465603 /* SampleInstantiateTests.swift */ = {isa = PBXFileReference; lastKnownFileType = sourcecode.swift; path = SampleInstantiateTests.swift; sourceTree = "<group>"; };
		3B8378AA2552888300465603 /* Info.plist */ = {isa = PBXFileReference; lastKnownFileType = text.plist.xml; path = Info.plist; sourceTree = "<group>"; };
		3B8378BA255288C800465603 /* Demo.app */ = {isa = PBXFileReference; explicitFileType = wrapper.application; includeInIndex = 0; path = Demo.app; sourceTree = BUILT_PRODUCTS_DIR; };
		3B8378BC255288C800465603 /* AppDelegate.swift */ = {isa = PBXFileReference; lastKnownFileType = sourcecode.swift; path = AppDelegate.swift; sourceTree = "<group>"; };
		3B8378BE255288C800465603 /* SceneDelegate.swift */ = {isa = PBXFileReference; lastKnownFileType = sourcecode.swift; path = SceneDelegate.swift; sourceTree = "<group>"; };
		3B8378C0255288C800465603 /* ViewController.swift */ = {isa = PBXFileReference; lastKnownFileType = sourcecode.swift; path = ViewController.swift; sourceTree = "<group>"; };
		3B8378C3255288C800465603 /* Base */ = {isa = PBXFileReference; lastKnownFileType = file.storyboard; name = Base; path = Base.lproj/Main.storyboard; sourceTree = "<group>"; };
		3B8378C5255288CB00465603 /* Assets.xcassets */ = {isa = PBXFileReference; lastKnownFileType = folder.assetcatalog; path = Assets.xcassets; sourceTree = "<group>"; };
		3B8378C8255288CB00465603 /* Base */ = {isa = PBXFileReference; lastKnownFileType = file.storyboard; name = Base; path = Base.lproj/LaunchScreen.storyboard; sourceTree = "<group>"; };
		3B8378CA255288CB00465603 /* Info.plist */ = {isa = PBXFileReference; lastKnownFileType = text.plist.xml; path = Info.plist; sourceTree = "<group>"; };
		3B8378CF255288CB00465603 /* DemoTests.xctest */ = {isa = PBXFileReference; explicitFileType = wrapper.cfbundle; includeInIndex = 0; path = DemoTests.xctest; sourceTree = BUILT_PRODUCTS_DIR; };
		3B8378D3255288CB00465603 /* DemoTests.swift */ = {isa = PBXFileReference; lastKnownFileType = sourcecode.swift; path = DemoTests.swift; sourceTree = "<group>"; };
		3B8378D5255288CB00465603 /* Info.plist */ = {isa = PBXFileReference; lastKnownFileType = text.plist.xml; path = Info.plist; sourceTree = "<group>"; };
		3B8378DA255288CB00465603 /* DemoUITests.xctest */ = {isa = PBXFileReference; explicitFileType = wrapper.cfbundle; includeInIndex = 0; path = DemoUITests.xctest; sourceTree = BUILT_PRODUCTS_DIR; };
		3B8378DE255288CB00465603 /* DemoUITests.swift */ = {isa = PBXFileReference; lastKnownFileType = sourcecode.swift; path = DemoUITests.swift; sourceTree = "<group>"; };
		3B8378E0255288CB00465603 /* Info.plist */ = {isa = PBXFileReference; lastKnownFileType = text.plist.xml; path = Info.plist; sourceTree = "<group>"; };
		3B83790425528BD100465603 /* NextViewController.swift */ = {isa = PBXFileReference; lastKnownFileType = sourcecode.swift; path = NextViewController.swift; sourceTree = "<group>"; };
		3B83791025528D2E00465603 /* TableViewCell.swift */ = {isa = PBXFileReference; lastKnownFileType = sourcecode.swift; path = TableViewCell.swift; sourceTree = "<group>"; };
		3B83791125528D2E00465603 /* TableViewCell.xib */ = {isa = PBXFileReference; lastKnownFileType = file.xib; path = TableViewCell.xib; sourceTree = "<group>"; };
		3B8379192552922400465603 /* UITableView+Extension.swift */ = {isa = PBXFileReference; lastKnownFileType = sourcecode.swift; path = "UITableView+Extension.swift"; sourceTree = "<group>"; };
/* End PBXFileReference section */

/* Begin PBXFrameworksBuildPhase section */
		3B8378972552888300465603 /* Frameworks */ = {
			isa = PBXFrameworksBuildPhase;
			buildActionMask = 2147483647;
			files = (
			);
			runOnlyForDeploymentPostprocessing = 0;
		};
		3B8378A02552888300465603 /* Frameworks */ = {
			isa = PBXFrameworksBuildPhase;
			buildActionMask = 2147483647;
			files = (
				3B8378A42552888300465603 /* SampleInstantiate.framework in Frameworks */,
			);
			runOnlyForDeploymentPostprocessing = 0;
		};
		3B8378B7255288C800465603 /* Frameworks */ = {
			isa = PBXFrameworksBuildPhase;
			buildActionMask = 2147483647;
			files = (
				3B8378F0255289DC00465603 /* SampleInstantiate.framework in Frameworks */,
			);
			runOnlyForDeploymentPostprocessing = 0;
		};
		3B8378CC255288CB00465603 /* Frameworks */ = {
			isa = PBXFrameworksBuildPhase;
			buildActionMask = 2147483647;
			files = (
			);
			runOnlyForDeploymentPostprocessing = 0;
		};
		3B8378D7255288CB00465603 /* Frameworks */ = {
			isa = PBXFrameworksBuildPhase;
			buildActionMask = 2147483647;
			files = (
			);
			runOnlyForDeploymentPostprocessing = 0;
		};
/* End PBXFrameworksBuildPhase section */

/* Begin PBXGroup section */
		3B8378902552888300465603 = {
			isa = PBXGroup;
			children = (
				3B83789C2552888300465603 /* SampleInstantiate */,
				3B8378A72552888300465603 /* SampleInstantiateTests */,
				3B8378BB255288C800465603 /* Demo */,
				3B8378D2255288CB00465603 /* DemoTests */,
				3B8378DD255288CB00465603 /* DemoUITests */,
				3B83789B2552888300465603 /* Products */,
				3B8378EF255289DC00465603 /* Frameworks */,
			);
			sourceTree = "<group>";
		};
		3B83789B2552888300465603 /* Products */ = {
			isa = PBXGroup;
			children = (
				3B83789A2552888300465603 /* SampleInstantiate.framework */,
				3B8378A32552888300465603 /* SampleInstantiateTests.xctest */,
				3B8378BA255288C800465603 /* Demo.app */,
				3B8378CF255288CB00465603 /* DemoTests.xctest */,
				3B8378DA255288CB00465603 /* DemoUITests.xctest */,
			);
			name = Products;
			sourceTree = "<group>";
		};
		3B83789C2552888300465603 /* SampleInstantiate */ = {
			isa = PBXGroup;
			children = (
				3B83789D2552888300465603 /* SampleInstantiate.h */,
				3B8379192552922400465603 /* UITableView+Extension.swift */,
				3B83789E2552888300465603 /* Info.plist */,
			);
			path = SampleInstantiate;
			sourceTree = "<group>";
		};
		3B8378A72552888300465603 /* SampleInstantiateTests */ = {
			isa = PBXGroup;
			children = (
				3B8378A82552888300465603 /* SampleInstantiateTests.swift */,
				3B8378AA2552888300465603 /* Info.plist */,
			);
			path = SampleInstantiateTests;
			sourceTree = "<group>";
		};
		3B8378BB255288C800465603 /* Demo */ = {
			isa = PBXGroup;
			children = (
				3B8378BC255288C800465603 /* AppDelegate.swift */,
				3B8378BE255288C800465603 /* SceneDelegate.swift */,
				3B8378C0255288C800465603 /* ViewController.swift */,
				3B83790425528BD100465603 /* NextViewController.swift */,
				3B83791025528D2E00465603 /* TableViewCell.swift */,
				3B83791125528D2E00465603 /* TableViewCell.xib */,
				3B8378C2255288C800465603 /* Main.storyboard */,
				3B8378C5255288CB00465603 /* Assets.xcassets */,
				3B8378C7255288CB00465603 /* LaunchScreen.storyboard */,
				3B8378CA255288CB00465603 /* Info.plist */,
			);
			path = Demo;
			sourceTree = "<group>";
		};
		3B8378D2255288CB00465603 /* DemoTests */ = {
			isa = PBXGroup;
			children = (
				3B8378D3255288CB00465603 /* DemoTests.swift */,
				3B8378D5255288CB00465603 /* Info.plist */,
			);
			path = DemoTests;
			sourceTree = "<group>";
		};
		3B8378DD255288CB00465603 /* DemoUITests */ = {
			isa = PBXGroup;
			children = (
				3B8378DE255288CB00465603 /* DemoUITests.swift */,
				3B8378E0255288CB00465603 /* Info.plist */,
			);
			path = DemoUITests;
			sourceTree = "<group>";
		};
		3B8378EF255289DC00465603 /* Frameworks */ = {
			isa = PBXGroup;
			children = (
			);
			name = Frameworks;
			sourceTree = "<group>";
		};
/* End PBXGroup section */

/* Begin PBXHeadersBuildPhase section */
		3B8378952552888300465603 /* Headers */ = {
			isa = PBXHeadersBuildPhase;
			buildActionMask = 2147483647;
			files = (
				3B8378AB2552888300465603 /* SampleInstantiate.h in Headers */,
			);
			runOnlyForDeploymentPostprocessing = 0;
		};
/* End PBXHeadersBuildPhase section */

/* Begin PBXNativeTarget section */
		3B8378992552888300465603 /* SampleInstantiate */ = {
			isa = PBXNativeTarget;
			buildConfigurationList = 3B8378AE2552888300465603 /* Build configuration list for PBXNativeTarget "SampleInstantiate" */;
			buildPhases = (
				3B8378952552888300465603 /* Headers */,
				3B8378962552888300465603 /* Sources */,
				3B8378972552888300465603 /* Frameworks */,
				3B8378982552888300465603 /* Resources */,
			);
			buildRules = (
			);
			dependencies = (
			);
			name = SampleInstantiate;
			productName = SampleInstantiate;
			productReference = 3B83789A2552888300465603 /* SampleInstantiate.framework */;
			productType = "com.apple.product-type.framework";
		};
		3B8378A22552888300465603 /* SampleInstantiateTests */ = {
			isa = PBXNativeTarget;
			buildConfigurationList = 3B8378B12552888300465603 /* Build configuration list for PBXNativeTarget "SampleInstantiateTests" */;
			buildPhases = (
				3B83789F2552888300465603 /* Sources */,
				3B8378A02552888300465603 /* Frameworks */,
				3B8378A12552888300465603 /* Resources */,
			);
			buildRules = (
			);
			dependencies = (
				3B8378A62552888300465603 /* PBXTargetDependency */,
			);
			name = SampleInstantiateTests;
			productName = SampleInstantiateTests;
			productReference = 3B8378A32552888300465603 /* SampleInstantiateTests.xctest */;
			productType = "com.apple.product-type.bundle.unit-test";
		};
		3B8378B9255288C800465603 /* Demo */ = {
			isa = PBXNativeTarget;
			buildConfigurationList = 3B8378E1255288CB00465603 /* Build configuration list for PBXNativeTarget "Demo" */;
			buildPhases = (
				3B8378B6255288C800465603 /* Sources */,
				3B8378B7255288C800465603 /* Frameworks */,
				3B8378B8255288C800465603 /* Resources */,
			);
			buildRules = (
			);
			dependencies = (
			);
			name = Demo;
			productName = Demo;
			productReference = 3B8378BA255288C800465603 /* Demo.app */;
			productType = "com.apple.product-type.application";
		};
		3B8378CE255288CB00465603 /* DemoTests */ = {
			isa = PBXNativeTarget;
			buildConfigurationList = 3B8378E4255288CB00465603 /* Build configuration list for PBXNativeTarget "DemoTests" */;
			buildPhases = (
				3B8378CB255288CB00465603 /* Sources */,
				3B8378CC255288CB00465603 /* Frameworks */,
				3B8378CD255288CB00465603 /* Resources */,
			);
			buildRules = (
			);
			dependencies = (
				3B8378D1255288CB00465603 /* PBXTargetDependency */,
			);
			name = DemoTests;
			productName = DemoTests;
			productReference = 3B8378CF255288CB00465603 /* DemoTests.xctest */;
			productType = "com.apple.product-type.bundle.unit-test";
		};
		3B8378D9255288CB00465603 /* DemoUITests */ = {
			isa = PBXNativeTarget;
			buildConfigurationList = 3B8378E7255288CB00465603 /* Build configuration list for PBXNativeTarget "DemoUITests" */;
			buildPhases = (
				3B8378D6255288CB00465603 /* Sources */,
				3B8378D7255288CB00465603 /* Frameworks */,
				3B8378D8255288CB00465603 /* Resources */,
			);
			buildRules = (
			);
			dependencies = (
				3B8378DC255288CB00465603 /* PBXTargetDependency */,
			);
			name = DemoUITests;
			productName = DemoUITests;
			productReference = 3B8378DA255288CB00465603 /* DemoUITests.xctest */;
			productType = "com.apple.product-type.bundle.ui-testing";
		};
/* End PBXNativeTarget section */

/* Begin PBXProject section */
		3B8378912552888300465603 /* Project object */ = {
			isa = PBXProject;
			attributes = {
				LastSwiftUpdateCheck = 1210;
				LastUpgradeCheck = 1210;
				TargetAttributes = {
					3B8378992552888300465603 = {
						CreatedOnToolsVersion = 12.1;
						LastSwiftMigration = 1210;
					};
					3B8378A22552888300465603 = {
						CreatedOnToolsVersion = 12.1;
					};
					3B8378B9255288C800465603 = {
						CreatedOnToolsVersion = 12.1;
					};
					3B8378CE255288CB00465603 = {
						CreatedOnToolsVersion = 12.1;
						TestTargetID = 3B8378B9255288C800465603;
					};
					3B8378D9255288CB00465603 = {
						CreatedOnToolsVersion = 12.1;
						TestTargetID = 3B8378B9255288C800465603;
					};
				};
			};
			buildConfigurationList = 3B8378942552888300465603 /* Build configuration list for PBXProject "SampleInstantiate" */;
			compatibilityVersion = "Xcode 9.3";
			developmentRegion = en;
			hasScannedForEncodings = 0;
			knownRegions = (
				en,
				Base,
			);
			mainGroup = 3B8378902552888300465603;
			productRefGroup = 3B83789B2552888300465603 /* Products */;
			projectDirPath = "";
			projectRoot = "";
			targets = (
				3B8378992552888300465603 /* SampleInstantiate */,
				3B8378A22552888300465603 /* SampleInstantiateTests */,
				3B8378B9255288C800465603 /* Demo */,
				3B8378CE255288CB00465603 /* DemoTests */,
				3B8378D9255288CB00465603 /* DemoUITests */,
			);
		};
/* End PBXProject section */

/* Begin PBXResourcesBuildPhase section */
		3B8378982552888300465603 /* Resources */ = {
			isa = PBXResourcesBuildPhase;
			buildActionMask = 2147483647;
			files = (
			);
			runOnlyForDeploymentPostprocessing = 0;
		};
		3B8378A12552888300465603 /* Resources */ = {
			isa = PBXResourcesBuildPhase;
			buildActionMask = 2147483647;
			files = (
			);
			runOnlyForDeploymentPostprocessing = 0;
		};
		3B8378B8255288C800465603 /* Resources */ = {
			isa = PBXResourcesBuildPhase;
			buildActionMask = 2147483647;
			files = (
				3B8378C9255288CB00465603 /* LaunchScreen.storyboard in Resources */,
				3B83791325528D2E00465603 /* TableViewCell.xib in Resources */,
				3B8378C6255288CB00465603 /* Assets.xcassets in Resources */,
				3B8378C4255288C800465603 /* Main.storyboard in Resources */,
			);
			runOnlyForDeploymentPostprocessing = 0;
		};
		3B8378CD255288CB00465603 /* Resources */ = {
			isa = PBXResourcesBuildPhase;
			buildActionMask = 2147483647;
			files = (
			);
			runOnlyForDeploymentPostprocessing = 0;
		};
		3B8378D8255288CB00465603 /* Resources */ = {
			isa = PBXResourcesBuildPhase;
			buildActionMask = 2147483647;
			files = (
			);
			runOnlyForDeploymentPostprocessing = 0;
		};
/* End PBXResourcesBuildPhase section */

/* Begin PBXSourcesBuildPhase section */
		3B8378962552888300465603 /* Sources */ = {
			isa = PBXSourcesBuildPhase;
			buildActionMask = 2147483647;
			files = (
				3B83791A2552922400465603 /* UITableView+Extension.swift in Sources */,
			);
			runOnlyForDeploymentPostprocessing = 0;
		};
		3B83789F2552888300465603 /* Sources */ = {
			isa = PBXSourcesBuildPhase;
			buildActionMask = 2147483647;
			files = (
				3B8378A92552888300465603 /* SampleInstantiateTests.swift in Sources */,
			);
			runOnlyForDeploymentPostprocessing = 0;
		};
		3B8378B6255288C800465603 /* Sources */ = {
			isa = PBXSourcesBuildPhase;
			buildActionMask = 2147483647;
			files = (
				3B83790525528BD100465603 /* NextViewController.swift in Sources */,
				3B8378C1255288C800465603 /* ViewController.swift in Sources */,
				3B8378BD255288C800465603 /* AppDelegate.swift in Sources */,
				3B83791225528D2E00465603 /* TableViewCell.swift in Sources */,
				3B8378BF255288C800465603 /* SceneDelegate.swift in Sources */,
			);
			runOnlyForDeploymentPostprocessing = 0;
		};
		3B8378CB255288CB00465603 /* Sources */ = {
			isa = PBXSourcesBuildPhase;
			buildActionMask = 2147483647;
			files = (
				3B8378D4255288CB00465603 /* DemoTests.swift in Sources */,
			);
			runOnlyForDeploymentPostprocessing = 0;
		};
		3B8378D6255288CB00465603 /* Sources */ = {
			isa = PBXSourcesBuildPhase;
			buildActionMask = 2147483647;
			files = (
				3B8378DF255288CB00465603 /* DemoUITests.swift in Sources */,
			);
			runOnlyForDeploymentPostprocessing = 0;
		};
/* End PBXSourcesBuildPhase section */

/* Begin PBXTargetDependency section */
		3B8378A62552888300465603 /* PBXTargetDependency */ = {
			isa = PBXTargetDependency;
			target = 3B8378992552888300465603 /* SampleInstantiate */;
			targetProxy = 3B8378A52552888300465603 /* PBXContainerItemProxy */;
		};
		3B8378D1255288CB00465603 /* PBXTargetDependency */ = {
			isa = PBXTargetDependency;
			target = 3B8378B9255288C800465603 /* Demo */;
			targetProxy = 3B8378D0255288CB00465603 /* PBXContainerItemProxy */;
		};
		3B8378DC255288CB00465603 /* PBXTargetDependency */ = {
			isa = PBXTargetDependency;
			target = 3B8378B9255288C800465603 /* Demo */;
			targetProxy = 3B8378DB255288CB00465603 /* PBXContainerItemProxy */;
		};
/* End PBXTargetDependency section */

/* Begin PBXVariantGroup section */
		3B8378C2255288C800465603 /* Main.storyboard */ = {
			isa = PBXVariantGroup;
			children = (
				3B8378C3255288C800465603 /* Base */,
			);
			name = Main.storyboard;
			sourceTree = "<group>";
		};
		3B8378C7255288CB00465603 /* LaunchScreen.storyboard */ = {
			isa = PBXVariantGroup;
			children = (
				3B8378C8255288CB00465603 /* Base */,
			);
			name = LaunchScreen.storyboard;
			sourceTree = "<group>";
		};
/* End PBXVariantGroup section */

/* Begin XCBuildConfiguration section */
		3B8378AC2552888300465603 /* Debug */ = {
			isa = XCBuildConfiguration;
			buildSettings = {
				ALWAYS_SEARCH_USER_PATHS = NO;
				CLANG_ANALYZER_NONNULL = YES;
				CLANG_ANALYZER_NUMBER_OBJECT_CONVERSION = YES_AGGRESSIVE;
				CLANG_CXX_LANGUAGE_STANDARD = "gnu++14";
				CLANG_CXX_LIBRARY = "libc++";
				CLANG_ENABLE_MODULES = YES;
				CLANG_ENABLE_OBJC_ARC = YES;
				CLANG_ENABLE_OBJC_WEAK = YES;
				CLANG_WARN_BLOCK_CAPTURE_AUTORELEASING = YES;
				CLANG_WARN_BOOL_CONVERSION = YES;
				CLANG_WARN_COMMA = YES;
				CLANG_WARN_CONSTANT_CONVERSION = YES;
				CLANG_WARN_DEPRECATED_OBJC_IMPLEMENTATIONS = YES;
				CLANG_WARN_DIRECT_OBJC_ISA_USAGE = YES_ERROR;
				CLANG_WARN_DOCUMENTATION_COMMENTS = YES;
				CLANG_WARN_EMPTY_BODY = YES;
				CLANG_WARN_ENUM_CONVERSION = YES;
				CLANG_WARN_INFINITE_RECURSION = YES;
				CLANG_WARN_INT_CONVERSION = YES;
				CLANG_WARN_NON_LITERAL_NULL_CONVERSION = YES;
				CLANG_WARN_OBJC_IMPLICIT_RETAIN_SELF = YES;
				CLANG_WARN_OBJC_LITERAL_CONVERSION = YES;
				CLANG_WARN_OBJC_ROOT_CLASS = YES_ERROR;
				CLANG_WARN_QUOTED_INCLUDE_IN_FRAMEWORK_HEADER = YES;
				CLANG_WARN_RANGE_LOOP_ANALYSIS = YES;
				CLANG_WARN_STRICT_PROTOTYPES = YES;
				CLANG_WARN_SUSPICIOUS_MOVE = YES;
				CLANG_WARN_UNGUARDED_AVAILABILITY = YES_AGGRESSIVE;
				CLANG_WARN_UNREACHABLE_CODE = YES;
				CLANG_WARN__DUPLICATE_METHOD_MATCH = YES;
				COPY_PHASE_STRIP = NO;
				CURRENT_PROJECT_VERSION = 1;
				DEBUG_INFORMATION_FORMAT = dwarf;
				ENABLE_STRICT_OBJC_MSGSEND = YES;
				ENABLE_TESTABILITY = YES;
				GCC_C_LANGUAGE_STANDARD = gnu11;
				GCC_DYNAMIC_NO_PIC = NO;
				GCC_NO_COMMON_BLOCKS = YES;
				GCC_OPTIMIZATION_LEVEL = 0;
				GCC_PREPROCESSOR_DEFINITIONS = (
					"DEBUG=1",
					"$(inherited)",
				);
				GCC_WARN_64_TO_32_BIT_CONVERSION = YES;
				GCC_WARN_ABOUT_RETURN_TYPE = YES_ERROR;
				GCC_WARN_UNDECLARED_SELECTOR = YES;
				GCC_WARN_UNINITIALIZED_AUTOS = YES_AGGRESSIVE;
				GCC_WARN_UNUSED_FUNCTION = YES;
				GCC_WARN_UNUSED_VARIABLE = YES;
				IPHONEOS_DEPLOYMENT_TARGET = 14.1;
				MTL_ENABLE_DEBUG_INFO = INCLUDE_SOURCE;
				MTL_FAST_MATH = YES;
				ONLY_ACTIVE_ARCH = YES;
				SDKROOT = iphoneos;
				SWIFT_ACTIVE_COMPILATION_CONDITIONS = DEBUG;
				SWIFT_OPTIMIZATION_LEVEL = "-Onone";
				VERSIONING_SYSTEM = "apple-generic";
				VERSION_INFO_PREFIX = "";
			};
			name = Debug;
		};
		3B8378AD2552888300465603 /* Release */ = {
			isa = XCBuildConfiguration;
			buildSettings = {
				ALWAYS_SEARCH_USER_PATHS = NO;
				CLANG_ANALYZER_NONNULL = YES;
				CLANG_ANALYZER_NUMBER_OBJECT_CONVERSION = YES_AGGRESSIVE;
				CLANG_CXX_LANGUAGE_STANDARD = "gnu++14";
				CLANG_CXX_LIBRARY = "libc++";
				CLANG_ENABLE_MODULES = YES;
				CLANG_ENABLE_OBJC_ARC = YES;
				CLANG_ENABLE_OBJC_WEAK = YES;
				CLANG_WARN_BLOCK_CAPTURE_AUTORELEASING = YES;
				CLANG_WARN_BOOL_CONVERSION = YES;
				CLANG_WARN_COMMA = YES;
				CLANG_WARN_CONSTANT_CONVERSION = YES;
				CLANG_WARN_DEPRECATED_OBJC_IMPLEMENTATIONS = YES;
				CLANG_WARN_DIRECT_OBJC_ISA_USAGE = YES_ERROR;
				CLANG_WARN_DOCUMENTATION_COMMENTS = YES;
				CLANG_WARN_EMPTY_BODY = YES;
				CLANG_WARN_ENUM_CONVERSION = YES;
				CLANG_WARN_INFINITE_RECURSION = YES;
				CLANG_WARN_INT_CONVERSION = YES;
				CLANG_WARN_NON_LITERAL_NULL_CONVERSION = YES;
				CLANG_WARN_OBJC_IMPLICIT_RETAIN_SELF = YES;
				CLANG_WARN_OBJC_LITERAL_CONVERSION = YES;
				CLANG_WARN_OBJC_ROOT_CLASS = YES_ERROR;
				CLANG_WARN_QUOTED_INCLUDE_IN_FRAMEWORK_HEADER = YES;
				CLANG_WARN_RANGE_LOOP_ANALYSIS = YES;
				CLANG_WARN_STRICT_PROTOTYPES = YES;
				CLANG_WARN_SUSPICIOUS_MOVE = YES;
				CLANG_WARN_UNGUARDED_AVAILABILITY = YES_AGGRESSIVE;
				CLANG_WARN_UNREACHABLE_CODE = YES;
				CLANG_WARN__DUPLICATE_METHOD_MATCH = YES;
				COPY_PHASE_STRIP = NO;
				CURRENT_PROJECT_VERSION = 1;
				DEBUG_INFORMATION_FORMAT = "dwarf-with-dsym";
				ENABLE_NS_ASSERTIONS = NO;
				ENABLE_STRICT_OBJC_MSGSEND = YES;
				GCC_C_LANGUAGE_STANDARD = gnu11;
				GCC_NO_COMMON_BLOCKS = YES;
				GCC_WARN_64_TO_32_BIT_CONVERSION = YES;
				GCC_WARN_ABOUT_RETURN_TYPE = YES_ERROR;
				GCC_WARN_UNDECLARED_SELECTOR = YES;
				GCC_WARN_UNINITIALIZED_AUTOS = YES_AGGRESSIVE;
				GCC_WARN_UNUSED_FUNCTION = YES;
				GCC_WARN_UNUSED_VARIABLE = YES;
				IPHONEOS_DEPLOYMENT_TARGET = 14.1;
				MTL_ENABLE_DEBUG_INFO = NO;
				MTL_FAST_MATH = YES;
				SDKROOT = iphoneos;
				SWIFT_COMPILATION_MODE = wholemodule;
				SWIFT_OPTIMIZATION_LEVEL = "-O";
				VALIDATE_PRODUCT = YES;
				VERSIONING_SYSTEM = "apple-generic";
				VERSION_INFO_PREFIX = "";
			};
			name = Release;
		};
		3B8378AF2552888300465603 /* Debug */ = {
			isa = XCBuildConfiguration;
			buildSettings = {
				CLANG_ENABLE_MODULES = YES;
				CODE_SIGN_STYLE = Automatic;
				DEFINES_MODULE = YES;
				DEVELOPMENT_TEAM = WQNJ5RALRG;
				DYLIB_COMPATIBILITY_VERSION = 1;
				DYLIB_CURRENT_VERSION = 1;
				DYLIB_INSTALL_NAME_BASE = "@rpath";
				INFOPLIST_FILE = SampleInstantiate/Info.plist;
				INSTALL_PATH = "$(LOCAL_LIBRARY_DIR)/Frameworks";
				LD_RUNPATH_SEARCH_PATHS = (
					"$(inherited)",
					"@executable_path/Frameworks",
					"@loader_path/Frameworks",
				);
				PRODUCT_BUNDLE_IDENTIFIER = jp.arsaga.SampleInstantiate;
				PRODUCT_NAME = "$(TARGET_NAME:c99extidentifier)";
				SKIP_INSTALL = YES;
				SWIFT_OPTIMIZATION_LEVEL = "-Onone";
				SWIFT_VERSION = 5.0;
				TARGETED_DEVICE_FAMILY = "1,2";
			};
			name = Debug;
		};
		3B8378B02552888300465603 /* Release */ = {
			isa = XCBuildConfiguration;
			buildSettings = {
				CLANG_ENABLE_MODULES = YES;
				CODE_SIGN_STYLE = Automatic;
				DEFINES_MODULE = YES;
				DEVELOPMENT_TEAM = WQNJ5RALRG;
				DYLIB_COMPATIBILITY_VERSION = 1;
				DYLIB_CURRENT_VERSION = 1;
				DYLIB_INSTALL_NAME_BASE = "@rpath";
				INFOPLIST_FILE = SampleInstantiate/Info.plist;
				INSTALL_PATH = "$(LOCAL_LIBRARY_DIR)/Frameworks";
				LD_RUNPATH_SEARCH_PATHS = (
					"$(inherited)",
					"@executable_path/Frameworks",
					"@loader_path/Frameworks",
				);
				PRODUCT_BUNDLE_IDENTIFIER = jp.arsaga.SampleInstantiate;
				PRODUCT_NAME = "$(TARGET_NAME:c99extidentifier)";
				SKIP_INSTALL = YES;
				SWIFT_VERSION = 5.0;
				TARGETED_DEVICE_FAMILY = "1,2";
			};
			name = Release;
		};
		3B8378B22552888300465603 /* Debug */ = {
			isa = XCBuildConfiguration;
			buildSettings = {
				ALWAYS_EMBED_SWIFT_STANDARD_LIBRARIES = YES;
				CODE_SIGN_STYLE = Automatic;
				DEVELOPMENT_TEAM = WQNJ5RALRG;
				INFOPLIST_FILE = SampleInstantiateTests/Info.plist;
				LD_RUNPATH_SEARCH_PATHS = (
					"$(inherited)",
					"@executable_path/Frameworks",
					"@loader_path/Frameworks",
				);
				PRODUCT_BUNDLE_IDENTIFIER = jp.arsaga.SampleInstantiateTests;
				PRODUCT_NAME = "$(TARGET_NAME)";
				SWIFT_VERSION = 5.0;
				TARGETED_DEVICE_FAMILY = "1,2";
			};
			name = Debug;
		};
		3B8378B32552888300465603 /* Release */ = {
			isa = XCBuildConfiguration;
			buildSettings = {
				ALWAYS_EMBED_SWIFT_STANDARD_LIBRARIES = YES;
				CODE_SIGN_STYLE = Automatic;
				DEVELOPMENT_TEAM = WQNJ5RALRG;
				INFOPLIST_FILE = SampleInstantiateTests/Info.plist;
				LD_RUNPATH_SEARCH_PATHS = (
					"$(inherited)",
					"@executable_path/Frameworks",
					"@loader_path/Frameworks",
				);
				PRODUCT_BUNDLE_IDENTIFIER = jp.arsaga.SampleInstantiateTests;
				PRODUCT_NAME = "$(TARGET_NAME)";
				SWIFT_VERSION = 5.0;
				TARGETED_DEVICE_FAMILY = "1,2";
			};
			name = Release;
		};
		3B8378E2255288CB00465603 /* Debug */ = {
			isa = XCBuildConfiguration;
			buildSettings = {
				ASSETCATALOG_COMPILER_APPICON_NAME = AppIcon;
				ASSETCATALOG_COMPILER_GLOBAL_ACCENT_COLOR_NAME = AccentColor;
				CODE_SIGN_STYLE = Automatic;
				DEVELOPMENT_TEAM = WQNJ5RALRG;
				INFOPLIST_FILE = Demo/Info.plist;
				LD_RUNPATH_SEARCH_PATHS = (
					"$(inherited)",
					"@executable_path/Frameworks",
				);
				PRODUCT_BUNDLE_IDENTIFIER = jp.arsaga.Demo;
				PRODUCT_NAME = "$(TARGET_NAME)";
				SWIFT_VERSION = 5.0;
				TARGETED_DEVICE_FAMILY = "1,2";
			};
			name = Debug;
		};
		3B8378E3255288CB00465603 /* Release */ = {
			isa = XCBuildConfiguration;
			buildSettings = {
				ASSETCATALOG_COMPILER_APPICON_NAME = AppIcon;
				ASSETCATALOG_COMPILER_GLOBAL_ACCENT_COLOR_NAME = AccentColor;
				CODE_SIGN_STYLE = Automatic;
				DEVELOPMENT_TEAM = WQNJ5RALRG;
				INFOPLIST_FILE = Demo/Info.plist;
				LD_RUNPATH_SEARCH_PATHS = (
					"$(inherited)",
					"@executable_path/Frameworks",
				);
				PRODUCT_BUNDLE_IDENTIFIER = jp.arsaga.Demo;
				PRODUCT_NAME = "$(TARGET_NAME)";
				SWIFT_VERSION = 5.0;
				TARGETED_DEVICE_FAMILY = "1,2";
			};
			name = Release;
		};
		3B8378E5255288CB00465603 /* Debug */ = {
			isa = XCBuildConfiguration;
			buildSettings = {
				ALWAYS_EMBED_SWIFT_STANDARD_LIBRARIES = YES;
				BUNDLE_LOADER = "$(TEST_HOST)";
				CODE_SIGN_STYLE = Automatic;
				DEVELOPMENT_TEAM = WQNJ5RALRG;
				INFOPLIST_FILE = DemoTests/Info.plist;
				IPHONEOS_DEPLOYMENT_TARGET = 14.1;
				LD_RUNPATH_SEARCH_PATHS = (
					"$(inherited)",
					"@executable_path/Frameworks",
					"@loader_path/Frameworks",
				);
				PRODUCT_BUNDLE_IDENTIFIER = jp.arsaga.DemoTests;
				PRODUCT_NAME = "$(TARGET_NAME)";
				SWIFT_VERSION = 5.0;
				TARGETED_DEVICE_FAMILY = "1,2";
				TEST_HOST = "$(BUILT_PRODUCTS_DIR)/Demo.app/Demo";
			};
			name = Debug;
		};
		3B8378E6255288CB00465603 /* Release */ = {
			isa = XCBuildConfiguration;
			buildSettings = {
				ALWAYS_EMBED_SWIFT_STANDARD_LIBRARIES = YES;
				BUNDLE_LOADER = "$(TEST_HOST)";
				CODE_SIGN_STYLE = Automatic;
				DEVELOPMENT_TEAM = WQNJ5RALRG;
				INFOPLIST_FILE = DemoTests/Info.plist;
				IPHONEOS_DEPLOYMENT_TARGET = 14.1;
				LD_RUNPATH_SEARCH_PATHS = (
					"$(inherited)",
					"@executable_path/Frameworks",
					"@loader_path/Frameworks",
				);
				PRODUCT_BUNDLE_IDENTIFIER = jp.arsaga.DemoTests;
				PRODUCT_NAME = "$(TARGET_NAME)";
				SWIFT_VERSION = 5.0;
				TARGETED_DEVICE_FAMILY = "1,2";
				TEST_HOST = "$(BUILT_PRODUCTS_DIR)/Demo.app/Demo";
			};
			name = Release;
		};
		3B8378E8255288CB00465603 /* Debug */ = {
			isa = XCBuildConfiguration;
			buildSettings = {
				ALWAYS_EMBED_SWIFT_STANDARD_LIBRARIES = YES;
				CODE_SIGN_STYLE = Automatic;
				DEVELOPMENT_TEAM = WQNJ5RALRG;
				INFOPLIST_FILE = DemoUITests/Info.plist;
				LD_RUNPATH_SEARCH_PATHS = (
					"$(inherited)",
					"@executable_path/Frameworks",
					"@loader_path/Frameworks",
				);
				PRODUCT_BUNDLE_IDENTIFIER = jp.arsaga.DemoUITests;
				PRODUCT_NAME = "$(TARGET_NAME)";
				SWIFT_VERSION = 5.0;
				TARGETED_DEVICE_FAMILY = "1,2";
				TEST_TARGET_NAME = Demo;
			};
			name = Debug;
		};
		3B8378E9255288CB00465603 /* Release */ = {
			isa = XCBuildConfiguration;
			buildSettings = {
				ALWAYS_EMBED_SWIFT_STANDARD_LIBRARIES = YES;
				CODE_SIGN_STYLE = Automatic;
				DEVELOPMENT_TEAM = WQNJ5RALRG;
				INFOPLIST_FILE = DemoUITests/Info.plist;
				LD_RUNPATH_SEARCH_PATHS = (
					"$(inherited)",
					"@executable_path/Frameworks",
					"@loader_path/Frameworks",
				);
				PRODUCT_BUNDLE_IDENTIFIER = jp.arsaga.DemoUITests;
				PRODUCT_NAME = "$(TARGET_NAME)";
				SWIFT_VERSION = 5.0;
				TARGETED_DEVICE_FAMILY = "1,2";
				TEST_TARGET_NAME = Demo;
			};
			name = Release;
		};
/* End XCBuildConfiguration section */

/* Begin XCConfigurationList section */
		3B8378942552888300465603 /* Build configuration list for PBXProject "SampleInstantiate" */ = {
			isa = XCConfigurationList;
			buildConfigurations = (
				3B8378AC2552888300465603 /* Debug */,
				3B8378AD2552888300465603 /* Release */,
			);
			defaultConfigurationIsVisible = 0;
			defaultConfigurationName = Release;
		};
		3B8378AE2552888300465603 /* Build configuration list for PBXNativeTarget "SampleInstantiate" */ = {
			isa = XCConfigurationList;
			buildConfigurations = (
				3B8378AF2552888300465603 /* Debug */,
				3B8378B02552888300465603 /* Release */,
			);
			defaultConfigurationIsVisible = 0;
			defaultConfigurationName = Release;
		};
		3B8378B12552888300465603 /* Build configuration list for PBXNativeTarget "SampleInstantiateTests" */ = {
			isa = XCConfigurationList;
			buildConfigurations = (
				3B8378B22552888300465603 /* Debug */,
				3B8378B32552888300465603 /* Release */,
			);
			defaultConfigurationIsVisible = 0;
			defaultConfigurationName = Release;
		};
		3B8378E1255288CB00465603 /* Build configuration list for PBXNativeTarget "Demo" */ = {
			isa = XCConfigurationList;
			buildConfigurations = (
				3B8378E2255288CB00465603 /* Debug */,
				3B8378E3255288CB00465603 /* Release */,
			);
			defaultConfigurationIsVisible = 0;
			defaultConfigurationName = Release;
		};
		3B8378E4255288CB00465603 /* Build configuration list for PBXNativeTarget "DemoTests" */ = {
			isa = XCConfigurationList;
			buildConfigurations = (
				3B8378E5255288CB00465603 /* Debug */,
				3B8378E6255288CB00465603 /* Release */,
			);
			defaultConfigurationIsVisible = 0;
			defaultConfigurationName = Release;
		};
		3B8378E7255288CB00465603 /* Build configuration list for PBXNativeTarget "DemoUITests" */ = {
			isa = XCConfigurationList;
			buildConfigurations = (
				3B8378E8255288CB00465603 /* Debug */,
				3B8378E9255288CB00465603 /* Release */,
			);
			defaultConfigurationIsVisible = 0;
			defaultConfigurationName = Release;
		};
/* End XCConfigurationList section */
	};
	rootObject = 3B8378912552888300465603 /* Project object */;
}
